
Microsoft Visual Studio Solution File, Format Version 12.00
# Visual Studio Version 17
VisualStudioVersion = 17.8.34316.72
MinimumVisualStudioVersion = 10.0.40219.1
Project("{9A19103F-16F7-4668-BE54-9A1E7A4F7556}") = "CleanArchitecture.Web", "CleanArchitecture.Web\CleanArchitecture.Web.csproj", "{D0F5103F-A21D-4262-BC65-0611B92886F6}"
EndProject
Project("{9A19103F-16F7-4668-BE54-9A1E7A4F7556}") = "CleanArchitecture.Domain", "CleanArchitecture.Domain\CleanArchitecture.Domain.csproj", "{E54C26EA-E960-430D-9E84-BFF7C8C00E51}"
EndProject
Project("{9A19103F-16F7-4668-BE54-9A1E7A4F7556}") = "CleanArchitecture.Application", "CleanArchitecture.Application\CleanArchitecture.Application.csproj", "{D4461351-AC69-4393-92D7-B5FB1EDE4CB7}"
EndProject
Project("{9A19103F-16F7-4668-BE54-9A1E7A4F7556}") = "CleanArchitecture.Infrastructure", "CleanArchitecture.Infrastructure\CleanArchitecture.Infrastructure.csproj", "{CC791DB7-09AB-4554-A6A3-4B3D025B855F}"
EndProject
Global
	GlobalSection(SolutionConfigurationPlatforms) = preSolution
		Debug|Any CPU = Debug|Any CPU
		Release|Any CPU = Release|Any CPU
	EndGlobalSection
	GlobalSection(ProjectConfigurationPlatforms) = postSolution
		{D0F5103F-A21D-4262-BC65-0611B92886F6}.Debug|Any CPU.ActiveCfg = Debug|Any CPU
		{D0F5103F-A21D-4262-BC65-0611B92886F6}.Debug|Any CPU.Build.0 = Debug|Any CPU
		{D0F5103F-A21D-4262-BC65-0611B92886F6}.Release|Any CPU.ActiveCfg = Release|Any CPU
		{D0F5103F-A21D-4262-BC65-0611B92886F6}.Release|Any CPU.Build.0 = Release|Any CPU
		{E54C26EA-E960-430D-9E84-BFF7C8C00E51}.Debug|Any CPU.ActiveCfg = Debug|Any CPU
		{E54C26EA-E960-430D-9E84-BFF7C8C00E51}.Debug|Any CPU.Build.0 = Debug|Any CPU
		{E54C26EA-E960-430D-9E84-BFF7C8C00E51}.Release|Any CPU.ActiveCfg = Release|Any CPU
		{E54C26EA-E960-430D-9E84-BFF7C8C00E51}.Release|Any CPU.Build.0 = Release|Any CPU
		{D4461351-AC69-4393-92D7-B5FB1EDE4CB7}.Debug|Any CPU.ActiveCfg = Debug|Any CPU
		{D4461351-AC69-4393-92D7-B5FB1EDE4CB7}.Debug|Any CPU.Build.0 = Debug|Any CPU
		{D4461351-AC69-4393-92D7-B5FB1EDE4CB7}.Release|Any CPU.ActiveCfg = Release|Any CPU
		{D4461351-AC69-4393-92D7-B5FB1EDE4CB7}.Release|Any CPU.Build.0 = Release|Any CPU
		{CC791DB7-09AB-4554-A6A3-4B3D025B855F}.Debug|Any CPU.ActiveCfg = Debug|Any CPU
		{CC791DB7-09AB-4554-A6A3-4B3D025B855F}.Debug|Any CPU.Build.0 = Debug|Any CPU
		{CC791DB7-09AB-4554-A6A3-4B3D025B855F}.Release|Any CPU.ActiveCfg = Release|Any CPU
		{CC791DB7-09AB-4554-A6A3-4B3D025B855F}.Release|Any CPU.Build.0 = Release|Any CPU
	EndGlobalSection
	GlobalSection(SolutionProperties) = preSolution
		HideSolutionNode = FALSE
	EndGlobalSection
	GlobalSection(ExtensibilityGlobals) = postSolution
		SolutionGuid = {14906DC3-5966-4578-AE4A-C1E8183E9A75}
	EndGlobalSection
EndGlobal
